
Microsoft Visual Studio Solution File, Format Version 12.00
# Visual Studio Version 16
VisualStudioVersion = 16.0.30523.141
MinimumVisualStudioVersion = 10.0.40219.1
Project("{FAE04EC0-301F-11D3-BF4B-00C04F79EFBC}") = "FP-13", "FP-13.csproj", "{00E11D51-B975-4012-9E04-F2F3B36231F9}"
EndProject
Global
	GlobalSection(SolutionConfigurationPlatforms) = preSolution
		Debug|Any CPU = Debug|Any CPU
		Release|Any CPU = Release|Any CPU
	EndGlobalSection
	GlobalSection(ProjectConfigurationPlatforms) = postSolution
		{00E11D51-B975-4012-9E04-F2F3B36231F9}.Debug|Any CPU.ActiveCfg = Debug|Any CPU
		{00E11D51-B975-4012-9E04-F2F3B36231F9}.Debug|Any CPU.Build.0 = Debug|Any CPU
		{00E11D51-B975-4012-9E04-F2F3B36231F9}.Release|Any CPU.ActiveCfg = Release|Any CPU
		{00E11D51-B975-4012-9E04-F2F3B36231F9}.Release|Any CPU.Build.0 = Release|Any CPU
	EndGlobalSection
	GlobalSection(SolutionProperties) = preSolution
		HideSolutionNode = FALSE
	EndGlobalSection
	GlobalSection(ExtensibilityGlobals) = postSolution
		SolutionGuid = {6E3245E3-3417-4A4B-82B4-A10452544B5E}
	EndGlobalSection
EndGlobal
