
Microsoft Visual Studio Solution File, Format Version 12.00
# Visual Studio Version 16
VisualStudioVersion = 16.0.30523.141
MinimumVisualStudioVersion = 10.0.40219.1
Project("{FAE04EC0-301F-11D3-BF4B-00C04F79EFBC}") = "FP-9", "FP-9.csproj", "{BB29DF0F-8663-4867-9A8D-9ED1C77AEDA6}"
EndProject
Global
	GlobalSection(SolutionConfigurationPlatforms) = preSolution
		Debug|Any CPU = Debug|Any CPU
		Release|Any CPU = Release|Any CPU
	EndGlobalSection
	GlobalSection(ProjectConfigurationPlatforms) = postSolution
		{BB29DF0F-8663-4867-9A8D-9ED1C77AEDA6}.Debug|Any CPU.ActiveCfg = Debug|Any CPU
		{BB29DF0F-8663-4867-9A8D-9ED1C77AEDA6}.Debug|Any CPU.Build.0 = Debug|Any CPU
		{BB29DF0F-8663-4867-9A8D-9ED1C77AEDA6}.Release|Any CPU.ActiveCfg = Release|Any CPU
		{BB29DF0F-8663-4867-9A8D-9ED1C77AEDA6}.Release|Any CPU.Build.0 = Release|Any CPU
	EndGlobalSection
	GlobalSection(SolutionProperties) = preSolution
		HideSolutionNode = FALSE
	EndGlobalSection
	GlobalSection(ExtensibilityGlobals) = postSolution
		SolutionGuid = {176C853E-1F21-4DF2-B52C-6A319E952A1E}
	EndGlobalSection
EndGlobal
