
Microsoft Visual Studio Solution File, Format Version 12.00
# Visual Studio Version 16
VisualStudioVersion = 16.0.30523.141
MinimumVisualStudioVersion = 10.0.40219.1
Project("{FAE04EC0-301F-11D3-BF4B-00C04F79EFBC}") = "FP-3", "FP-3.csproj", "{C7F55D48-E1D4-42C6-8564-AED4BBA9E379}"
EndProject
Global
	GlobalSection(SolutionConfigurationPlatforms) = preSolution
		Debug|Any CPU = Debug|Any CPU
		Release|Any CPU = Release|Any CPU
	EndGlobalSection
	GlobalSection(ProjectConfigurationPlatforms) = postSolution
		{C7F55D48-E1D4-42C6-8564-AED4BBA9E379}.Debug|Any CPU.ActiveCfg = Debug|Any CPU
		{C7F55D48-E1D4-42C6-8564-AED4BBA9E379}.Debug|Any CPU.Build.0 = Debug|Any CPU
		{C7F55D48-E1D4-42C6-8564-AED4BBA9E379}.Release|Any CPU.ActiveCfg = Release|Any CPU
		{C7F55D48-E1D4-42C6-8564-AED4BBA9E379}.Release|Any CPU.Build.0 = Release|Any CPU
	EndGlobalSection
	GlobalSection(SolutionProperties) = preSolution
		HideSolutionNode = FALSE
	EndGlobalSection
	GlobalSection(ExtensibilityGlobals) = postSolution
		SolutionGuid = {2796021C-496F-4D17-AEC5-091D271B61FB}
	EndGlobalSection
EndGlobal
